
Microsoft Visual Studio Solution File, Format Version 12.00
# Visual Studio Version 17
VisualStudioVersion = 17.11.35327.3
MinimumVisualStudioVersion = 10.0.40219.1
Project("{FAE04EC0-301F-11D3-BF4B-00C04F79EFBC}") = "HW11", "HW11\HW11.csproj", "{C20594DC-43EB-4D20-89E2-06281E1F6923}"
EndProject
Global
	GlobalSection(SolutionConfigurationPlatforms) = preSolution
		Debug|Any CPU = Debug|Any CPU
		Release|Any CPU = Release|Any CPU
	EndGlobalSection
	GlobalSection(ProjectConfigurationPlatforms) = postSolution
		{C20594DC-43EB-4D20-89E2-06281E1F6923}.Debug|Any CPU.ActiveCfg = Debug|Any CPU
		{C20594DC-43EB-4D20-89E2-06281E1F6923}.Debug|Any CPU.Build.0 = Debug|Any CPU
		{C20594DC-43EB-4D20-89E2-06281E1F6923}.Release|Any CPU.ActiveCfg = Release|Any CPU
		{C20594DC-43EB-4D20-89E2-06281E1F6923}.Release|Any CPU.Build.0 = Release|Any CPU
	EndGlobalSection
	GlobalSection(SolutionProperties) = preSolution
		HideSolutionNode = FALSE
	EndGlobalSection
	GlobalSection(ExtensibilityGlobals) = postSolution
		SolutionGuid = {6E922072-9C4C-4B62-83F6-B8E277875879}
	EndGlobalSection
EndGlobal
